
Microsoft Visual Studio Solution File, Format Version 12.00
# Visual Studio Version 17
VisualStudioVersion = 17.0.31903.59
MinimumVisualStudioVersion = 10.0.40219.1
Project("{FAE04EC0-301F-11D3-BF4B-00C04F79EFBC}") = "ZwiftClickV2-Bridge", "src\ZwiftClickV2-Bridge.csproj", "{C01D05B3-E597-45AE-93CF-9814134DA9AD}"
EndProject
Project("{FAE04EC0-301F-11D3-BF4B-00C04F79EFBC}") = "ZwiftClickV2-Bridge.Tests", "tests\ZwiftClickV2-Bridge.Tests.csproj", "{44D8B411-6964-4CE4-AB1C-374B863CDC03}"
EndProject
Project("{FAE04EC0-301F-11D3-BF4B-00C04F79EFBC}") = "Violeta.App", "app\Violeta.App.csproj", "{5BA4F8ED-421C-4C61-B4B2-747805B67C12}"
EndProject
Global
	GlobalSection(SolutionConfigurationPlatforms) = preSolution
		Debug|Any CPU = Debug|Any CPU
		Release|Any CPU = Release|Any CPU
	EndGlobalSection
	GlobalSection(SolutionProperties) = preSolution
		HideSolutionNode = FALSE
	EndGlobalSection
	GlobalSection(ProjectConfigurationPlatforms) = postSolution
		{C01D05B3-E597-45AE-93CF-9814134DA9AD}.Debug|Any CPU.ActiveCfg = Debug|Any CPU
		{C01D05B3-E597-45AE-93CF-9814134DA9AD}.Debug|Any CPU.Build.0 = Debug|Any CPU
		{C01D05B3-E597-45AE-93CF-9814134DA9AD}.Release|Any CPU.ActiveCfg = Release|Any CPU
		{C01D05B3-E597-45AE-93CF-9814134DA9AD}.Release|Any CPU.Build.0 = Release|Any CPU
		{44D8B411-6964-4CE4-AB1C-374B863CDC03}.Debug|Any CPU.ActiveCfg = Debug|Any CPU
		{44D8B411-6964-4CE4-AB1C-374B863CDC03}.Debug|Any CPU.Build.0 = Debug|Any CPU
		{44D8B411-6964-4CE4-AB1C-374B863CDC03}.Release|Any CPU.ActiveCfg = Release|Any CPU
		{44D8B411-6964-4CE4-AB1C-374B863CDC03}.Release|Any CPU.Build.0 = Release|Any CPU
		{5BA4F8ED-421C-4C61-B4B2-747805B67C12}.Debug|Any CPU.ActiveCfg = Debug|Any CPU
		{5BA4F8ED-421C-4C61-B4B2-747805B67C12}.Debug|Any CPU.Build.0 = Debug|Any CPU
		{5BA4F8ED-421C-4C61-B4B2-747805B67C12}.Release|Any CPU.ActiveCfg = Release|Any CPU
		{5BA4F8ED-421C-4C61-B4B2-747805B67C12}.Release|Any CPU.Build.0 = Release|Any CPU
	EndGlobalSection
EndGlobal
